// !$*UTF8*$!
{
	archiveVersion = 1;
	classes = {
	};
	objectVersion = 56;
	objects = {

/* Begin PBXBuildFile section */
		4238B52F2988739A00AE833D /* AppDelegate.swift in Sources */ = {isa = PBXBuildFile; fileRef = 4238B52E2988739A00AE833D /* AppDelegate.swift */; };
		4238B5332988739A00AE833D /* ViewController.swift in Sources */ = {isa = PBXBuildFile; fileRef = 4238B5322988739A00AE833D /* ViewController.swift */; };
		4238B5382988739B00AE833D /* Assets.xcassets in Resources */ = {isa = PBXBuildFile; fileRef = 4238B5372988739B00AE833D /* Assets.xcassets */; };
		4238B53B2988739B00AE833D /* LaunchScreen.storyboard in Resources */ = {isa = PBXBuildFile; fileRef = 4238B5392988739B00AE833D /* LaunchScreen.storyboard */; };
		4238B5462988739C00AE833D /* StoreTests.swift in Sources */ = {isa = PBXBuildFile; fileRef = 4238B5452988739C00AE833D /* StoreTests.swift */; };
		4238B5502988739C00AE833D /* StoreUITests.swift in Sources */ = {isa = PBXBuildFile; fileRef = 4238B54F2988739C00AE833D /* StoreUITests.swift */; };
		4238B5522988739C00AE833D /* StoreUITestsLaunchTests.swift in Sources */ = {isa = PBXBuildFile; fileRef = 4238B5512988739C00AE833D /* StoreUITestsLaunchTests.swift */; };
		53D1DD21A552C382D6EAAD8C /* Pods_Store_StoreUITests.framework in Frameworks */ = {isa = PBXBuildFile; fileRef = 23CA23DC5E6BAAFF3A5520B2 /* Pods_Store_StoreUITests.framework */; };
		A6E5190C1DB3AFCAAD52E2D4 /* Pods_Store.framework in Frameworks */ = {isa = PBXBuildFile; fileRef = A4B2F186628F43FF6A1F6DAE /* Pods_Store.framework */; };
		CB87742B652154EE13CF2DE5 /* Pods_Store_StoreTests.framework in Frameworks */ = {isa = PBXBuildFile; fileRef = 9C8D0B6989C0DE68472B5331 /* Pods_Store_StoreTests.framework */; };
/* End PBXBuildFile section */

/* Begin PBXContainerItemProxy section */
		4238B5422988739C00AE833D /* PBXContainerItemProxy */ = {
			isa = PBXContainerItemProxy;
			containerPortal = 4238B5232988739A00AE833D /* Project object */;
			proxyType = 1;
			remoteGlobalIDString = 4238B52A2988739A00AE833D;
			remoteInfo = Store;
		};
		4238B54C2988739C00AE833D /* PBXContainerItemProxy */ = {
			isa = PBXContainerItemProxy;
			containerPortal = 4238B5232988739A00AE833D /* Project object */;
			proxyType = 1;
			remoteGlobalIDString = 4238B52A2988739A00AE833D;
			remoteInfo = Store;
		};
/* End PBXContainerItemProxy section */

/* Begin PBXFileReference section */
		00BE5E66AADA9FB171649C0E /* Pods-Store.debug.xcconfig */ = {isa = PBXFileReference; includeInIndex = 1; lastKnownFileType = text.xcconfig; name = "Pods-Store.debug.xcconfig"; path = "Target Support Files/Pods-Store/Pods-Store.debug.xcconfig"; sourceTree = "<group>"; };
		23CA23DC5E6BAAFF3A5520B2 /* Pods_Store_StoreUITests.framework */ = {isa = PBXFileReference; explicitFileType = wrapper.framework; includeInIndex = 0; path = Pods_Store_StoreUITests.framework; sourceTree = BUILT_PRODUCTS_DIR; };
		3177560F2437D536CC84C622 /* Pods-Store-StoreUITests.release.xcconfig */ = {isa = PBXFileReference; includeInIndex = 1; lastKnownFileType = text.xcconfig; name = "Pods-Store-StoreUITests.release.xcconfig"; path = "Target Support Files/Pods-Store-StoreUITests/Pods-Store-StoreUITests.release.xcconfig"; sourceTree = "<group>"; };
		4238B52B2988739A00AE833D /* Store.app */ = {isa = PBXFileReference; explicitFileType = wrapper.application; includeInIndex = 0; path = Store.app; sourceTree = BUILT_PRODUCTS_DIR; };
		4238B52E2988739A00AE833D /* AppDelegate.swift */ = {isa = PBXFileReference; lastKnownFileType = sourcecode.swift; path = AppDelegate.swift; sourceTree = "<group>"; };
		4238B5322988739A00AE833D /* ViewController.swift */ = {isa = PBXFileReference; lastKnownFileType = sourcecode.swift; path = ViewController.swift; sourceTree = "<group>"; };
		4238B5372988739B00AE833D /* Assets.xcassets */ = {isa = PBXFileReference; lastKnownFileType = folder.assetcatalog; path = Assets.xcassets; sourceTree = "<group>"; };
		4238B53A2988739B00AE833D /* Base */ = {isa = PBXFileReference; lastKnownFileType = file.storyboard; name = Base; path = Base.lproj/LaunchScreen.storyboard; sourceTree = "<group>"; };
		4238B53C2988739B00AE833D /* Info.plist */ = {isa = PBXFileReference; lastKnownFileType = text.plist.xml; path = Info.plist; sourceTree = "<group>"; };
		4238B5412988739C00AE833D /* StoreTests.xctest */ = {isa = PBXFileReference; explicitFileType = wrapper.cfbundle; includeInIndex = 0; path = StoreTests.xctest; sourceTree = BUILT_PRODUCTS_DIR; };
		4238B5452988739C00AE833D /* StoreTests.swift */ = {isa = PBXFileReference; lastKnownFileType = sourcecode.swift; path = StoreTests.swift; sourceTree = "<group>"; };
		4238B54B2988739C00AE833D /* StoreUITests.xctest */ = {isa = PBXFileReference; explicitFileType = wrapper.cfbundle; includeInIndex = 0; path = StoreUITests.xctest; sourceTree = BUILT_PRODUCTS_DIR; };
		4238B54F2988739C00AE833D /* StoreUITests.swift */ = {isa = PBXFileReference; lastKnownFileType = sourcecode.swift; path = StoreUITests.swift; sourceTree = "<group>"; };
		4238B5512988739C00AE833D /* StoreUITestsLaunchTests.swift */ = {isa = PBXFileReference; lastKnownFileType = sourcecode.swift; path = StoreUITestsLaunchTests.swift; sourceTree = "<group>"; };
		8EDF3BD0F8B4E593968AA5DD /* Pods-Store-StoreTests.release.xcconfig */ = {isa = PBXFileReference; includeInIndex = 1; lastKnownFileType = text.xcconfig; name = "Pods-Store-StoreTests.release.xcconfig"; path = "Target Support Files/Pods-Store-StoreTests/Pods-Store-StoreTests.release.xcconfig"; sourceTree = "<group>"; };
		98FDCAA179893C450F5D3728 /* Pods-Store-StoreTests.debug.xcconfig */ = {isa = PBXFileReference; includeInIndex = 1; lastKnownFileType = text.xcconfig; name = "Pods-Store-StoreTests.debug.xcconfig"; path = "Target Support Files/Pods-Store-StoreTests/Pods-Store-StoreTests.debug.xcconfig"; sourceTree = "<group>"; };
		9C8D0B6989C0DE68472B5331 /* Pods_Store_StoreTests.framework */ = {isa = PBXFileReference; explicitFileType = wrapper.framework; includeInIndex = 0; path = Pods_Store_StoreTests.framework; sourceTree = BUILT_PRODUCTS_DIR; };
		A4B2F186628F43FF6A1F6DAE /* Pods_Store.framework */ = {isa = PBXFileReference; explicitFileType = wrapper.framework; includeInIndex = 0; path = Pods_Store.framework; sourceTree = BUILT_PRODUCTS_DIR; };
		DD9BE2B62323C2A1B09323EF /* Pods-Store.release.xcconfig */ = {isa = PBXFileReference; includeInIndex = 1; lastKnownFileType = text.xcconfig; name = "Pods-Store.release.xcconfig"; path = "Target Support Files/Pods-Store/Pods-Store.release.xcconfig"; sourceTree = "<group>"; };
		F87002CDD75C75C0A6E75D05 /* Pods-Store-StoreUITests.debug.xcconfig */ = {isa = PBXFileReference; includeInIndex = 1; lastKnownFileType = text.xcconfig; name = "Pods-Store-StoreUITests.debug.xcconfig"; path = "Target Support Files/Pods-Store-StoreUITests/Pods-Store-StoreUITests.debug.xcconfig"; sourceTree = "<group>"; };
/* End PBXFileReference section */

/* Begin PBXFrameworksBuildPhase section */
		4238B5282988739A00AE833D /* Frameworks */ = {
			isa = PBXFrameworksBuildPhase;
			buildActionMask = 2147483647;
			files = (
				A6E5190C1DB3AFCAAD52E2D4 /* Pods_Store.framework in Frameworks */,
			);
			runOnlyForDeploymentPostprocessing = 0;
		};
		4238B53E2988739C00AE833D /* Frameworks */ = {
			isa = PBXFrameworksBuildPhase;
			buildActionMask = 2147483647;
			files = (
				CB87742B652154EE13CF2DE5 /* Pods_Store_StoreTests.framework in Frameworks */,
			);
			runOnlyForDeploymentPostprocessing = 0;
		};
		4238B5482988739C00AE833D /* Frameworks */ = {
			isa = PBXFrameworksBuildPhase;
			buildActionMask = 2147483647;
			files = (
				53D1DD21A552C382D6EAAD8C /* Pods_Store_StoreUITests.framework in Frameworks */,
			);
			runOnlyForDeploymentPostprocessing = 0;
		};
/* End PBXFrameworksBuildPhase section */

/* Begin PBXGroup section */
		4238B5222988739A00AE833D = {
			isa = PBXGroup;
			children = (
				4238B52D2988739A00AE833D /* Store */,
				4238B5442988739C00AE833D /* StoreTests */,
				4238B54E2988739C00AE833D /* StoreUITests */,
				4238B52C2988739A00AE833D /* Products */,
				7AD94ED4FF7F15D6967D8040 /* Pods */,
				A70F3C1769668A144DB2A862 /* Frameworks */,
			);
			sourceTree = "<group>";
		};
		4238B52C2988739A00AE833D /* Products */ = {
			isa = PBXGroup;
			children = (
				4238B52B2988739A00AE833D /* Store.app */,
				4238B5412988739C00AE833D /* StoreTests.xctest */,
				4238B54B2988739C00AE833D /* StoreUITests.xctest */,
			);
			name = Products;
			sourceTree = "<group>";
		};
		4238B52D2988739A00AE833D /* Store */ = {
			isa = PBXGroup;
			children = (
				42F2D29229889064009DDA8B /* Settings */,
				4238B5322988739A00AE833D /* ViewController.swift */,
				4238B5372988739B00AE833D /* Assets.xcassets */,
				4238B5392988739B00AE833D /* LaunchScreen.storyboard */,
				4238B53C2988739B00AE833D /* Info.plist */,
			);
			path = Store;
			sourceTree = "<group>";
		};
		4238B5442988739C00AE833D /* StoreTests */ = {
			isa = PBXGroup;
			children = (
				4238B5452988739C00AE833D /* StoreTests.swift */,
			);
			path = StoreTests;
			sourceTree = "<group>";
		};
		4238B54E2988739C00AE833D /* StoreUITests */ = {
			isa = PBXGroup;
			children = (
				4238B54F2988739C00AE833D /* StoreUITests.swift */,
				4238B5512988739C00AE833D /* StoreUITestsLaunchTests.swift */,
			);
			path = StoreUITests;
			sourceTree = "<group>";
		};
		42F2D29229889064009DDA8B /* Settings */ = {
			isa = PBXGroup;
			children = (
				4238B52E2988739A00AE833D /* AppDelegate.swift */,
			);
			path = Settings;
			sourceTree = "<group>";
		};
		7AD94ED4FF7F15D6967D8040 /* Pods */ = {
			isa = PBXGroup;
			children = (
				00BE5E66AADA9FB171649C0E /* Pods-Store.debug.xcconfig */,
				DD9BE2B62323C2A1B09323EF /* Pods-Store.release.xcconfig */,
				98FDCAA179893C450F5D3728 /* Pods-Store-StoreTests.debug.xcconfig */,
				8EDF3BD0F8B4E593968AA5DD /* Pods-Store-StoreTests.release.xcconfig */,
				F87002CDD75C75C0A6E75D05 /* Pods-Store-StoreUITests.debug.xcconfig */,
				3177560F2437D536CC84C622 /* Pods-Store-StoreUITests.release.xcconfig */,
			);
			path = Pods;
			sourceTree = "<group>";
		};
		A70F3C1769668A144DB2A862 /* Frameworks */ = {
			isa = PBXGroup;
			children = (
				A4B2F186628F43FF6A1F6DAE /* Pods_Store.framework */,
				9C8D0B6989C0DE68472B5331 /* Pods_Store_StoreTests.framework */,
				23CA23DC5E6BAAFF3A5520B2 /* Pods_Store_StoreUITests.framework */,
			);
			name = Frameworks;
			sourceTree = "<group>";
		};
/* End PBXGroup section */

/* Begin PBXNativeTarget section */
		4238B52A2988739A00AE833D /* Store */ = {
			isa = PBXNativeTarget;
			buildConfigurationList = 4238B5552988739C00AE833D /* Build configuration list for PBXNativeTarget "Store" */;
			buildPhases = (
				BDC32342A845B16F6194C12F /* [CP] Check Pods Manifest.lock */,
				4238B5272988739A00AE833D /* Sources */,
				4238B5282988739A00AE833D /* Frameworks */,
				4238B5292988739A00AE833D /* Resources */,
				42F2D29129888E37009DDA8B /* ShellScript */,
			);
			buildRules = (
			);
			dependencies = (
			);
			name = Store;
			productName = Store;
			productReference = 4238B52B2988739A00AE833D /* Store.app */;
			productType = "com.apple.product-type.application";
		};
		4238B5402988739C00AE833D /* StoreTests */ = {
			isa = PBXNativeTarget;
			buildConfigurationList = 4238B5582988739C00AE833D /* Build configuration list for PBXNativeTarget "StoreTests" */;
			buildPhases = (
				31AD3D4A59063C9868E8DC53 /* [CP] Check Pods Manifest.lock */,
				4238B53D2988739C00AE833D /* Sources */,
				4238B53E2988739C00AE833D /* Frameworks */,
				4238B53F2988739C00AE833D /* Resources */,
			);
			buildRules = (
			);
			dependencies = (
				4238B5432988739C00AE833D /* PBXTargetDependency */,
			);
			name = StoreTests;
			productName = StoreTests;
			productReference = 4238B5412988739C00AE833D /* StoreTests.xctest */;
			productType = "com.apple.product-type.bundle.unit-test";
		};
		4238B54A2988739C00AE833D /* StoreUITests */ = {
			isa = PBXNativeTarget;
			buildConfigurationList = 4238B55B2988739C00AE833D /* Build configuration list for PBXNativeTarget "StoreUITests" */;
			buildPhases = (
				1E1A5D5F85D719A3ACF8640C /* [CP] Check Pods Manifest.lock */,
				4238B5472988739C00AE833D /* Sources */,
				4238B5482988739C00AE833D /* Frameworks */,
				4238B5492988739C00AE833D /* Resources */,
			);
			buildRules = (
			);
			dependencies = (
				4238B54D2988739C00AE833D /* PBXTargetDependency */,
			);
			name = StoreUITests;
			productName = StoreUITests;
			productReference = 4238B54B2988739C00AE833D /* StoreUITests.xctest */;
			productType = "com.apple.product-type.bundle.ui-testing";
		};
/* End PBXNativeTarget section */

/* Begin PBXProject section */
		4238B5232988739A00AE833D /* Project object */ = {
			isa = PBXProject;
			attributes = {
				BuildIndependentTargetsInParallel = 1;
				LastSwiftUpdateCheck = 1420;
				LastUpgradeCheck = 1420;
				TargetAttributes = {
					4238B52A2988739A00AE833D = {
						CreatedOnToolsVersion = 14.2;
					};
					4238B5402988739C00AE833D = {
						CreatedOnToolsVersion = 14.2;
						TestTargetID = 4238B52A2988739A00AE833D;
					};
					4238B54A2988739C00AE833D = {
						CreatedOnToolsVersion = 14.2;
						TestTargetID = 4238B52A2988739A00AE833D;
					};
				};
			};
			buildConfigurationList = 4238B5262988739A00AE833D /* Build configuration list for PBXProject "Store" */;
			compatibilityVersion = "Xcode 14.0";
			developmentRegion = en;
			hasScannedForEncodings = 0;
			knownRegions = (
				en,
				Base,
			);
			mainGroup = 4238B5222988739A00AE833D;
			productRefGroup = 4238B52C2988739A00AE833D /* Products */;
			projectDirPath = "";
			projectRoot = "";
			targets = (
				4238B52A2988739A00AE833D /* Store */,
				4238B5402988739C00AE833D /* StoreTests */,
				4238B54A2988739C00AE833D /* StoreUITests */,
			);
		};
/* End PBXProject section */

/* Begin PBXResourcesBuildPhase section */
		4238B5292988739A00AE833D /* Resources */ = {
			isa = PBXResourcesBuildPhase;
			buildActionMask = 2147483647;
			files = (
				4238B53B2988739B00AE833D /* LaunchScreen.storyboard in Resources */,
				4238B5382988739B00AE833D /* Assets.xcassets in Resources */,
			);
			runOnlyForDeploymentPostprocessing = 0;
		};
		4238B53F2988739C00AE833D /* Resources */ = {
			isa = PBXResourcesBuildPhase;
			buildActionMask = 2147483647;
			files = (
			);
			runOnlyForDeploymentPostprocessing = 0;
		};
		4238B5492988739C00AE833D /* Resources */ = {
			isa = PBXResourcesBuildPhase;
			buildActionMask = 2147483647;
			files = (
			);
			runOnlyForDeploymentPostprocessing = 0;
		};
/* End PBXResourcesBuildPhase section */

/* Begin PBXShellScriptBuildPhase section */
		1E1A5D5F85D719A3ACF8640C /* [CP] Check Pods Manifest.lock */ = {
			isa = PBXShellScriptBuildPhase;
			buildActionMask = 2147483647;
			files = (
			);
			inputFileListPaths = (
			);
			inputPaths = (
				"${PODS_PODFILE_DIR_PATH}/Podfile.lock",
				"${PODS_ROOT}/Manifest.lock",
			);
			name = "[CP] Check Pods Manifest.lock";
			outputFileListPaths = (
			);
			outputPaths = (
				"$(DERIVED_FILE_DIR)/Pods-Store-StoreUITests-checkManifestLockResult.txt",
			);
			runOnlyForDeploymentPostprocessing = 0;
			shellPath = /bin/sh;
			shellScript = "diff \"${PODS_PODFILE_DIR_PATH}/Podfile.lock\" \"${PODS_ROOT}/Manifest.lock\" > /dev/null\nif [ $? != 0 ] ; then\n    # print error to STDERR\n    echo \"error: The sandbox is not in sync with the Podfile.lock. Run 'pod install' or update your CocoaPods installation.\" >&2\n    exit 1\nfi\n# This output is used by Xcode 'outputs' to avoid re-running this script phase.\necho \"SUCCESS\" > \"${SCRIPT_OUTPUT_FILE_0}\"\n";
			showEnvVarsInLog = 0;
		};
		31AD3D4A59063C9868E8DC53 /* [CP] Check Pods Manifest.lock */ = {
			isa = PBXShellScriptBuildPhase;
			buildActionMask = 2147483647;
			files = (
			);
			inputFileListPaths = (
			);
			inputPaths = (
				"${PODS_PODFILE_DIR_PATH}/Podfile.lock",
				"${PODS_ROOT}/Manifest.lock",
			);
			name = "[CP] Check Pods Manifest.lock";
			outputFileListPaths = (
			);
			outputPaths = (
				"$(DERIVED_FILE_DIR)/Pods-Store-StoreTests-checkManifestLockResult.txt",
			);
			runOnlyForDeploymentPostprocessing = 0;
			shellPath = /bin/sh;
			shellScript = "diff \"${PODS_PODFILE_DIR_PATH}/Podfile.lock\" \"${PODS_ROOT}/Manifest.lock\" > /dev/null\nif [ $? != 0 ] ; then\n    # print error to STDERR\n    echo \"error: The sandbox is not in sync with the Podfile.lock. Run 'pod install' or update your CocoaPods installation.\" >&2\n    exit 1\nfi\n# This output is used by Xcode 'outputs' to avoid re-running this script phase.\necho \"SUCCESS\" > \"${SCRIPT_OUTPUT_FILE_0}\"\n";
			showEnvVarsInLog = 0;
		};
		42F2D29129888E37009DDA8B /* ShellScript */ = {
			isa = PBXShellScriptBuildPhase;
			buildActionMask = 2147483647;
			files = (
			);
			inputFileListPaths = (
			);
			inputPaths = (
			);
			outputFileListPaths = (
			);
			outputPaths = (
			);
			runOnlyForDeploymentPostprocessing = 0;
			shellPath = /bin/sh;
			shellScript = "\"${PODS_ROOT}/SwiftLint/swiftlint\"\n";
		};
		BDC32342A845B16F6194C12F /* [CP] Check Pods Manifest.lock */ = {
			isa = PBXShellScriptBuildPhase;
			buildActionMask = 2147483647;
			files = (
			);
			inputFileListPaths = (
			);
			inputPaths = (
				"${PODS_PODFILE_DIR_PATH}/Podfile.lock",
				"${PODS_ROOT}/Manifest.lock",
			);
			name = "[CP] Check Pods Manifest.lock";
			outputFileListPaths = (
			);
			outputPaths = (
				"$(DERIVED_FILE_DIR)/Pods-Store-checkManifestLockResult.txt",
			);
			runOnlyForDeploymentPostprocessing = 0;
			shellPath = /bin/sh;
			shellScript = "diff \"${PODS_PODFILE_DIR_PATH}/Podfile.lock\" \"${PODS_ROOT}/Manifest.lock\" > /dev/null\nif [ $? != 0 ] ; then\n    # print error to STDERR\n    echo \"error: The sandbox is not in sync with the Podfile.lock. Run 'pod install' or update your CocoaPods installation.\" >&2\n    exit 1\nfi\n# This output is used by Xcode 'outputs' to avoid re-running this script phase.\necho \"SUCCESS\" > \"${SCRIPT_OUTPUT_FILE_0}\"\n";
			showEnvVarsInLog = 0;
		};
/* End PBXShellScriptBuildPhase section */

/* Begin PBXSourcesBuildPhase section */
		4238B5272988739A00AE833D /* Sources */ = {
			isa = PBXSourcesBuildPhase;
			buildActionMask = 2147483647;
			files = (
				4238B5332988739A00AE833D /* ViewController.swift in Sources */,
				4238B52F2988739A00AE833D /* AppDelegate.swift in Sources */,
			);
			runOnlyForDeploymentPostprocessing = 0;
		};
		4238B53D2988739C00AE833D /* Sources */ = {
			isa = PBXSourcesBuildPhase;
			buildActionMask = 2147483647;
			files = (
				4238B5462988739C00AE833D /* StoreTests.swift in Sources */,
			);
			runOnlyForDeploymentPostprocessing = 0;
		};
		4238B5472988739C00AE833D /* Sources */ = {
			isa = PBXSourcesBuildPhase;
			buildActionMask = 2147483647;
			files = (
				4238B5522988739C00AE833D /* StoreUITestsLaunchTests.swift in Sources */,
				4238B5502988739C00AE833D /* StoreUITests.swift in Sources */,
			);
			runOnlyForDeploymentPostprocessing = 0;
		};
/* End PBXSourcesBuildPhase section */

/* Begin PBXTargetDependency section */
		4238B5432988739C00AE833D /* PBXTargetDependency */ = {
			isa = PBXTargetDependency;
			target = 4238B52A2988739A00AE833D /* Store */;
			targetProxy = 4238B5422988739C00AE833D /* PBXContainerItemProxy */;
		};
		4238B54D2988739C00AE833D /* PBXTargetDependency */ = {
			isa = PBXTargetDependency;
			target = 4238B52A2988739A00AE833D /* Store */;
			targetProxy = 4238B54C2988739C00AE833D /* PBXContainerItemProxy */;
		};
/* End PBXTargetDependency section */

/* Begin PBXVariantGroup section */
		4238B5392988739B00AE833D /* LaunchScreen.storyboard */ = {
			isa = PBXVariantGroup;
			children = (
				4238B53A2988739B00AE833D /* Base */,
			);
			name = LaunchScreen.storyboard;
			sourceTree = "<group>";
		};
/* End PBXVariantGroup section */

/* Begin XCBuildConfiguration section */
		4238B5532988739C00AE833D /* Debug */ = {
			isa = XCBuildConfiguration;
			buildSettings = {
				ALWAYS_SEARCH_USER_PATHS = NO;
				CLANG_ANALYZER_NONNULL = YES;
				CLANG_ANALYZER_NUMBER_OBJECT_CONVERSION = YES_AGGRESSIVE;
				CLANG_CXX_LANGUAGE_STANDARD = "gnu++20";
				CLANG_ENABLE_MODULES = YES;
				CLANG_ENABLE_OBJC_ARC = YES;
				CLANG_ENABLE_OBJC_WEAK = YES;
				CLANG_WARN_BLOCK_CAPTURE_AUTORELEASING = YES;
				CLANG_WARN_BOOL_CONVERSION = YES;
				CLANG_WARN_COMMA = YES;
				CLANG_WARN_CONSTANT_CONVERSION = YES;
				CLANG_WARN_DEPRECATED_OBJC_IMPLEMENTATIONS = YES;
				CLANG_WARN_DIRECT_OBJC_ISA_USAGE = YES_ERROR;
				CLANG_WARN_DOCUMENTATION_COMMENTS = YES;
				CLANG_WARN_EMPTY_BODY = YES;
				CLANG_WARN_ENUM_CONVERSION = YES;
				CLANG_WARN_INFINITE_RECURSION = YES;
				CLANG_WARN_INT_CONVERSION = YES;
				CLANG_WARN_NON_LITERAL_NULL_CONVERSION = YES;
				CLANG_WARN_OBJC_IMPLICIT_RETAIN_SELF = YES;
				CLANG_WARN_OBJC_LITERAL_CONVERSION = YES;
				CLANG_WARN_OBJC_ROOT_CLASS = YES_ERROR;
				CLANG_WARN_QUOTED_INCLUDE_IN_FRAMEWORK_HEADER = YES;
				CLANG_WARN_RANGE_LOOP_ANALYSIS = YES;
				CLANG_WARN_STRICT_PROTOTYPES = YES;
				CLANG_WARN_SUSPICIOUS_MOVE = YES;
				CLANG_WARN_UNGUARDED_AVAILABILITY = YES_AGGRESSIVE;
				CLANG_WARN_UNREACHABLE_CODE = YES;
				CLANG_WARN__DUPLICATE_METHOD_MATCH = YES;
				COPY_PHASE_STRIP = NO;
				DEBUG_INFORMATION_FORMAT = dwarf;
				ENABLE_STRICT_OBJC_MSGSEND = YES;
				ENABLE_TESTABILITY = YES;
				GCC_C_LANGUAGE_STANDARD = gnu11;
				GCC_DYNAMIC_NO_PIC = NO;
				GCC_NO_COMMON_BLOCKS = YES;
				GCC_OPTIMIZATION_LEVEL = 0;
				GCC_PREPROCESSOR_DEFINITIONS = (
					"DEBUG=1",
					"$(inherited)",
				);
				GCC_WARN_64_TO_32_BIT_CONVERSION = YES;
				GCC_WARN_ABOUT_RETURN_TYPE = YES_ERROR;
				GCC_WARN_UNDECLARED_SELECTOR = YES;
				GCC_WARN_UNINITIALIZED_AUTOS = YES_AGGRESSIVE;
				GCC_WARN_UNUSED_FUNCTION = YES;
				GCC_WARN_UNUSED_VARIABLE = YES;
				IPHONEOS_DEPLOYMENT_TARGET = 16.2;
				MTL_ENABLE_DEBUG_INFO = INCLUDE_SOURCE;
				MTL_FAST_MATH = YES;
				ONLY_ACTIVE_ARCH = YES;
				SDKROOT = iphoneos;
				SWIFT_ACTIVE_COMPILATION_CONDITIONS = DEBUG;
				SWIFT_OPTIMIZATION_LEVEL = "-Onone";
			};
			name = Debug;
		};
		4238B5542988739C00AE833D /* Release */ = {
			isa = XCBuildConfiguration;
			buildSettings = {
				ALWAYS_SEARCH_USER_PATHS = NO;
				CLANG_ANALYZER_NONNULL = YES;
				CLANG_ANALYZER_NUMBER_OBJECT_CONVERSION = YES_AGGRESSIVE;
				CLANG_CXX_LANGUAGE_STANDARD = "gnu++20";
				CLANG_ENABLE_MODULES = YES;
				CLANG_ENABLE_OBJC_ARC = YES;
				CLANG_ENABLE_OBJC_WEAK = YES;
				CLANG_WARN_BLOCK_CAPTURE_AUTORELEASING = YES;
				CLANG_WARN_BOOL_CONVERSION = YES;
				CLANG_WARN_COMMA = YES;
				CLANG_WARN_CONSTANT_CONVERSION = YES;
				CLANG_WARN_DEPRECATED_OBJC_IMPLEMENTATIONS = YES;
				CLANG_WARN_DIRECT_OBJC_ISA_USAGE = YES_ERROR;
				CLANG_WARN_DOCUMENTATION_COMMENTS = YES;
				CLANG_WARN_EMPTY_BODY = YES;
				CLANG_WARN_ENUM_CONVERSION = YES;
				CLANG_WARN_INFINITE_RECURSION = YES;
				CLANG_WARN_INT_CONVERSION = YES;
				CLANG_WARN_NON_LITERAL_NULL_CONVERSION = YES;
				CLANG_WARN_OBJC_IMPLICIT_RETAIN_SELF = YES;
				CLANG_WARN_OBJC_LITERAL_CONVERSION = YES;
				CLANG_WARN_OBJC_ROOT_CLASS = YES_ERROR;
				CLANG_WARN_QUOTED_INCLUDE_IN_FRAMEWORK_HEADER = YES;
				CLANG_WARN_RANGE_LOOP_ANALYSIS = YES;
				CLANG_WARN_STRICT_PROTOTYPES = YES;
				CLANG_WARN_SUSPICIOUS_MOVE = YES;
				CLANG_WARN_UNGUARDED_AVAILABILITY = YES_AGGRESSIVE;
				CLANG_WARN_UNREACHABLE_CODE = YES;
				CLANG_WARN__DUPLICATE_METHOD_MATCH = YES;
				COPY_PHASE_STRIP = NO;
				DEBUG_INFORMATION_FORMAT = "dwarf-with-dsym";
				ENABLE_NS_ASSERTIONS = NO;
				ENABLE_STRICT_OBJC_MSGSEND = YES;
				GCC_C_LANGUAGE_STANDARD = gnu11;
				GCC_NO_COMMON_BLOCKS = YES;
				GCC_WARN_64_TO_32_BIT_CONVERSION = YES;
				GCC_WARN_ABOUT_RETURN_TYPE = YES_ERROR;
				GCC_WARN_UNDECLARED_SELECTOR = YES;
				GCC_WARN_UNINITIALIZED_AUTOS = YES_AGGRESSIVE;
				GCC_WARN_UNUSED_FUNCTION = YES;
				GCC_WARN_UNUSED_VARIABLE = YES;
				IPHONEOS_DEPLOYMENT_TARGET = 16.2;
				MTL_ENABLE_DEBUG_INFO = NO;
				MTL_FAST_MATH = YES;
				SDKROOT = iphoneos;
				SWIFT_COMPILATION_MODE = wholemodule;
				SWIFT_OPTIMIZATION_LEVEL = "-O";
				VALIDATE_PRODUCT = YES;
			};
			name = Release;
		};
		4238B5562988739C00AE833D /* Debug */ = {
			isa = XCBuildConfiguration;
			baseConfigurationReference = 00BE5E66AADA9FB171649C0E /* Pods-Store.debug.xcconfig */;
			buildSettings = {
				ASSETCATALOG_COMPILER_APPICON_NAME = AppIcon;
				ASSETCATALOG_COMPILER_GLOBAL_ACCENT_COLOR_NAME = AccentColor;
				CODE_SIGN_STYLE = Automatic;
				CURRENT_PROJECT_VERSION = 1;
				DEVELOPMENT_TEAM = F2TUAMX4Z8;
				GENERATE_INFOPLIST_FILE = YES;
				INFOPLIST_FILE = Store/Info.plist;
				INFOPLIST_KEY_UIApplicationSupportsIndirectInputEvents = YES;
				INFOPLIST_KEY_UILaunchStoryboardName = LaunchScreen;
				INFOPLIST_KEY_UIMainStoryboardFile = "";
				INFOPLIST_KEY_UISupportedInterfaceOrientations_iPad = "UIInterfaceOrientationPortrait UIInterfaceOrientationPortraitUpsideDown UIInterfaceOrientationLandscapeLeft UIInterfaceOrientationLandscapeRight";
				INFOPLIST_KEY_UISupportedInterfaceOrientations_iPhone = "UIInterfaceOrientationPortrait UIInterfaceOrientationLandscapeLeft UIInterfaceOrientationLandscapeRight";
				IPHONEOS_DEPLOYMENT_TARGET = 12.0;
				LD_RUNPATH_SEARCH_PATHS = (
					"$(inherited)",
					"@executable_path/Frameworks",
				);
				MARKETING_VERSION = 1.0;
				PRODUCT_BUNDLE_IDENTIFIER = com.vasconcelos.Store;
				PRODUCT_NAME = "$(TARGET_NAME)";
				SWIFT_EMIT_LOC_STRINGS = YES;
				SWIFT_VERSION = 5.0;
				TARGETED_DEVICE_FAMILY = "1,2";
			};
			name = Debug;
		};
		4238B5572988739C00AE833D /* Release */ = {
			isa = XCBuildConfiguration;
			baseConfigurationReference = DD9BE2B62323C2A1B09323EF /* Pods-Store.release.xcconfig */;
			buildSettings = {
				ASSETCATALOG_COMPILER_APPICON_NAME = AppIcon;
				ASSETCATALOG_COMPILER_GLOBAL_ACCENT_COLOR_NAME = AccentColor;
				CODE_SIGN_STYLE = Automatic;
				CURRENT_PROJECT_VERSION = 1;
				DEVELOPMENT_TEAM = F2TUAMX4Z8;
				GENERATE_INFOPLIST_FILE = YES;
				INFOPLIST_FILE = Store/Info.plist;
				INFOPLIST_KEY_UIApplicationSupportsIndirectInputEvents = YES;
				INFOPLIST_KEY_UILaunchStoryboardName = LaunchScreen;
				INFOPLIST_KEY_UIMainStoryboardFile = "";
				INFOPLIST_KEY_UISupportedInterfaceOrientations_iPad = "UIInterfaceOrientationPortrait UIInterfaceOrientationPortraitUpsideDown UIInterfaceOrientationLandscapeLeft UIInterfaceOrientationLandscapeRight";
				INFOPLIST_KEY_UISupportedInterfaceOrientations_iPhone = "UIInterfaceOrientationPortrait UIInterfaceOrientationLandscapeLeft UIInterfaceOrientationLandscapeRight";
				IPHONEOS_DEPLOYMENT_TARGET = 12.0;
				LD_RUNPATH_SEARCH_PATHS = (
					"$(inherited)",
					"@executable_path/Frameworks",
				);
				MARKETING_VERSION = 1.0;
				PRODUCT_BUNDLE_IDENTIFIER = com.vasconcelos.Store;
				PRODUCT_NAME = "$(TARGET_NAME)";
				SWIFT_EMIT_LOC_STRINGS = YES;
				SWIFT_VERSION = 5.0;
				TARGETED_DEVICE_FAMILY = "1,2";
			};
			name = Release;
		};
		4238B5592988739C00AE833D /* Debug */ = {
			isa = XCBuildConfiguration;
			baseConfigurationReference = 98FDCAA179893C450F5D3728 /* Pods-Store-StoreTests.debug.xcconfig */;
			buildSettings = {
				ALWAYS_EMBED_SWIFT_STANDARD_LIBRARIES = YES;
				BUNDLE_LOADER = "$(TEST_HOST)";
				CODE_SIGN_STYLE = Automatic;
				CURRENT_PROJECT_VERSION = 1;
				DEVELOPMENT_TEAM = F2TUAMX4Z8;
				GENERATE_INFOPLIST_FILE = YES;
				IPHONEOS_DEPLOYMENT_TARGET = 16.2;
				MARKETING_VERSION = 1.0;
				PRODUCT_BUNDLE_IDENTIFIER = com.vasconcelos.StoreTests;
				PRODUCT_NAME = "$(TARGET_NAME)";
				SWIFT_EMIT_LOC_STRINGS = NO;
				SWIFT_VERSION = 5.0;
				TARGETED_DEVICE_FAMILY = "1,2";
				TEST_HOST = "$(BUILT_PRODUCTS_DIR)/Store.app/$(BUNDLE_EXECUTABLE_FOLDER_PATH)/Store";
			};
			name = Debug;
		};
		4238B55A2988739C00AE833D /* Release */ = {
			isa = XCBuildConfiguration;
			baseConfigurationReference = 8EDF3BD0F8B4E593968AA5DD /* Pods-Store-StoreTests.release.xcconfig */;
			buildSettings = {
				ALWAYS_EMBED_SWIFT_STANDARD_LIBRARIES = YES;
				BUNDLE_LOADER = "$(TEST_HOST)";
				CODE_SIGN_STYLE = Automatic;
				CURRENT_PROJECT_VERSION = 1;
				DEVELOPMENT_TEAM = F2TUAMX4Z8;
				GENERATE_INFOPLIST_FILE = YES;
				IPHONEOS_DEPLOYMENT_TARGET = 16.2;
				MARKETING_VERSION = 1.0;
				PRODUCT_BUNDLE_IDENTIFIER = com.vasconcelos.StoreTests;
				PRODUCT_NAME = "$(TARGET_NAME)";
				SWIFT_EMIT_LOC_STRINGS = NO;
				SWIFT_VERSION = 5.0;
				TARGETED_DEVICE_FAMILY = "1,2";
				TEST_HOST = "$(BUILT_PRODUCTS_DIR)/Store.app/$(BUNDLE_EXECUTABLE_FOLDER_PATH)/Store";
			};
			name = Release;
		};
		4238B55C2988739C00AE833D /* Debug */ = {
			isa = XCBuildConfiguration;
			baseConfigurationReference = F87002CDD75C75C0A6E75D05 /* Pods-Store-StoreUITests.debug.xcconfig */;
			buildSettings = {
				ALWAYS_EMBED_SWIFT_STANDARD_LIBRARIES = YES;
				CODE_SIGN_STYLE = Automatic;
				CURRENT_PROJECT_VERSION = 1;
				DEVELOPMENT_TEAM = F2TUAMX4Z8;
				GENERATE_INFOPLIST_FILE = YES;
				MARKETING_VERSION = 1.0;
				PRODUCT_BUNDLE_IDENTIFIER = com.vasconcelos.StoreUITests;
				PRODUCT_NAME = "$(TARGET_NAME)";
				SWIFT_EMIT_LOC_STRINGS = NO;
				SWIFT_VERSION = 5.0;
				TARGETED_DEVICE_FAMILY = "1,2";
				TEST_TARGET_NAME = Store;
			};
			name = Debug;
		};
		4238B55D2988739C00AE833D /* Release */ = {
			isa = XCBuildConfiguration;
			baseConfigurationReference = 3177560F2437D536CC84C622 /* Pods-Store-StoreUITests.release.xcconfig */;
			buildSettings = {
				ALWAYS_EMBED_SWIFT_STANDARD_LIBRARIES = YES;
				CODE_SIGN_STYLE = Automatic;
				CURRENT_PROJECT_VERSION = 1;
				DEVELOPMENT_TEAM = F2TUAMX4Z8;
				GENERATE_INFOPLIST_FILE = YES;
				MARKETING_VERSION = 1.0;
				PRODUCT_BUNDLE_IDENTIFIER = com.vasconcelos.StoreUITests;
				PRODUCT_NAME = "$(TARGET_NAME)";
				SWIFT_EMIT_LOC_STRINGS = NO;
				SWIFT_VERSION = 5.0;
				TARGETED_DEVICE_FAMILY = "1,2";
				TEST_TARGET_NAME = Store;
			};
			name = Release;
		};
/* End XCBuildConfiguration section */

/* Begin XCConfigurationList section */
		4238B5262988739A00AE833D /* Build configuration list for PBXProject "Store" */ = {
			isa = XCConfigurationList;
			buildConfigurations = (
				4238B5532988739C00AE833D /* Debug */,
				4238B5542988739C00AE833D /* Release */,
			);
			defaultConfigurationIsVisible = 0;
			defaultConfigurationName = Release;
		};
		4238B5552988739C00AE833D /* Build configuration list for PBXNativeTarget "Store" */ = {
			isa = XCConfigurationList;
			buildConfigurations = (
				4238B5562988739C00AE833D /* Debug */,
				4238B5572988739C00AE833D /* Release */,
			);
			defaultConfigurationIsVisible = 0;
			defaultConfigurationName = Release;
		};
		4238B5582988739C00AE833D /* Build configuration list for PBXNativeTarget "StoreTests" */ = {
			isa = XCConfigurationList;
			buildConfigurations = (
				4238B5592988739C00AE833D /* Debug */,
				4238B55A2988739C00AE833D /* Release */,
			);
			defaultConfigurationIsVisible = 0;
			defaultConfigurationName = Release;
		};
		4238B55B2988739C00AE833D /* Build configuration list for PBXNativeTarget "StoreUITests" */ = {
			isa = XCConfigurationList;
			buildConfigurations = (
				4238B55C2988739C00AE833D /* Debug */,
				4238B55D2988739C00AE833D /* Release */,
			);
			defaultConfigurationIsVisible = 0;
			defaultConfigurationName = Release;
		};
/* End XCConfigurationList section */
	};
	rootObject = 4238B5232988739A00AE833D /* Project object */;
}
